
Microsoft Visual Studio Solution File, Format Version 12.00
# Visual Studio 2012
Project("{8BC9CEB8-8B4A-11D0-8D11-00A0C91BC942}") = "TestTorque6DLL", "TestTorque6DLL\TestTorque6DLL.vcxproj", "{C3FB4F99-89B1-4A7D-9E32-7479ADEEE3A6}"
EndProject
Global
	GlobalSection(SolutionConfigurationPlatforms) = preSolution
		Debug|Win32 = Debug|Win32
		Release|Win32 = Release|Win32
		Shipping|Win32 = Shipping|Win32
	EndGlobalSection
	GlobalSection(ProjectConfigurationPlatforms) = postSolution
		{C3FB4F99-89B1-4A7D-9E32-7479ADEEE3A6}.Debug|Win32.ActiveCfg = Debug|Win32
		{C3FB4F99-89B1-4A7D-9E32-7479ADEEE3A6}.Debug|Win32.Build.0 = Debug|Win32
		{C3FB4F99-89B1-4A7D-9E32-7479ADEEE3A6}.Release|Win32.ActiveCfg = Release|Win32
		{C3FB4F99-89B1-4A7D-9E32-7479ADEEE3A6}.Release|Win32.Build.0 = Release|Win32
		{C3FB4F99-89B1-4A7D-9E32-7479ADEEE3A6}.Shipping|Win32.ActiveCfg = Release|Win32
		{C3FB4F99-89B1-4A7D-9E32-7479ADEEE3A6}.Shipping|Win32.Build.0 = Release|Win32
	EndGlobalSection
	GlobalSection(SolutionProperties) = preSolution
		HideSolutionNode = FALSE
	EndGlobalSection
EndGlobal
