<?xml version="1.0" encoding="utf-8"?>
<Project ToolsVersion="4.0" xmlns="http://schemas.microsoft.com/developer/msbuild/2003">
  <ItemGroup>
    <Filter Include="Source Files">
      <UniqueIdentifier>{35b85e7e-f8e7-4469-bf68-f1cdae2fe398}</UniqueIdentifier>
      <Extensions>cpp;c;cxx;rc;def;r;odl;idl;hpj;bat;cc</Extensions>
    </Filter>
    <Filter Include="Source Files\includes">
      <UniqueIdentifier>{554ef4f2-5f8b-468e-aae4-c6f4cb83ee38}</UniqueIdentifier>
    </Filter>
    <Filter Include="Source Files\src">
      <UniqueIdentifier>{35ba0dd7-fa62-436a-8ff0-dbc17b969f22}</UniqueIdentifier>
    </Filter>
    <Filter Include="Source Files\tools">
      <UniqueIdentifier>{d2f8ca64-9de0-4f18-8cbc-83838b93b588}</UniqueIdentifier>
    </Filter>
    <Filter Include="Source Files\tools\shaderc">
      <UniqueIdentifier>{678844d5-ea0d-4216-bf91-1ce19bae5a46}</UniqueIdentifier>
    </Filter>
    <Filter Include="Source Files\3rdparty">
      <UniqueIdentifier>{4f66a24b-a390-4e51-befb-e8c53b8b6350}</UniqueIdentifier>
    </Filter>
    <Filter Include="Source Files\3rdparty\glsl-optimizer">
      <UniqueIdentifier>{adb625bb-d450-4b40-aed4-f5578a750ac1}</UniqueIdentifier>
    </Filter>
    <Filter Include="Source Files\3rdparty\glsl-optimizer\src">
      <UniqueIdentifier>{b785d1ff-97dc-4695-a86c-93d936cd9338}</UniqueIdentifier>
    </Filter>
    <Filter Include="Source Files\3rdparty\glsl-optimizer\src\glsl">
      <UniqueIdentifier>{4744db64-2fd4-44a5-af30-952ca1c65dcf}</UniqueIdentifier>
    </Filter>
    <Filter Include="Source Files\3rdparty\glsl-optimizer\src\glsl\glcpp">
      <UniqueIdentifier>{dc2aaa05-be01-4337-9a71-7b4b88e927b0}</UniqueIdentifier>
    </Filter>
    <Filter Include="Source Files\3rdparty\glsl-optimizer\src\mesa">
      <UniqueIdentifier>{c22756fd-baee-40b2-8bff-01773294a14c}</UniqueIdentifier>
    </Filter>
    <Filter Include="Source Files\3rdparty\glsl-optimizer\src\mesa\main">
      <UniqueIdentifier>{c3cf2445-db4b-4f0d-a4e3-7cb45f2e339c}</UniqueIdentifier>
    </Filter>
    <Filter Include="Source Files\3rdparty\glsl-optimizer\src\mesa\program">
      <UniqueIdentifier>{3114b141-2a37-4fc4-b826-99d052ec3b53}</UniqueIdentifier>
    </Filter>
    <Filter Include="Source Files\3rdparty\glsl-optimizer\src\util">
      <UniqueIdentifier>{663b67f2-57e3-4f12-a920-df85861c1cd3}</UniqueIdentifier>
    </Filter>
    <Filter Include="Source Files\3rdparty\fcpp">
      <UniqueIdentifier>{c79f6dbf-9afe-48d4-85fe-c2a8f8a4207a}</UniqueIdentifier>
    </Filter>
    <Filter Include="Source Files\common">
      <UniqueIdentifier>{11be425c-1a56-44a4-ad2a-de0299518746}</UniqueIdentifier>
    </Filter>
    <Filter Include="Source Files\common\imgui">
      <UniqueIdentifier>{87f169a8-35b1-4e6a-af78-8d2bedceeb0c}</UniqueIdentifier>
    </Filter>
    <Filter Include="Source Files\3rdparty\ocornut-imgui">
      <UniqueIdentifier>{747a2742-5f36-41ed-a2ed-f5c5cd75abc6}</UniqueIdentifier>
    </Filter>
    <Filter Include="Source Files\common\nanovg">
      <UniqueIdentifier>{0580cb97-9486-4210-8372-18471bc31f68}</UniqueIdentifier>
    </Filter>
  </ItemGroup>
  <ItemGroup>
    <ClCompile Include="..\..\lib\bgfx\src\bgfx.cpp">
      <Filter>Source Files\src</Filter>
    </ClCompile>
    <ClCompile Include="..\..\lib\bgfx\src\glcontext_egl.cpp">
      <Filter>Source Files\src</Filter>
    </ClCompile>
    <ClCompile Include="..\..\lib\bgfx\src\glcontext_glx.cpp">
      <Filter>Source Files\src</Filter>
    </ClCompile>
    <ClCompile Include="..\..\lib\bgfx\src\glcontext_ppapi.cpp">
      <Filter>Source Files\src</Filter>
    </ClCompile>
    <ClCompile Include="..\..\lib\bgfx\src\glcontext_wgl.cpp">
      <Filter>Source Files\src</Filter>
    </ClCompile>
    <ClCompile Include="..\..\lib\bgfx\src\image.cpp">
      <Filter>Source Files\src</Filter>
    </ClCompile>
    <ClCompile Include="..\..\lib\bgfx\src\ovr.cpp">
      <Filter>Source Files\src</Filter>
    </ClCompile>
    <ClCompile Include="..\..\lib\bgfx\src\renderdoc.cpp">
      <Filter>Source Files\src</Filter>
    </ClCompile>
    <ClCompile Include="..\..\lib\bgfx\src\renderer_d3d9.cpp">
      <Filter>Source Files\src</Filter>
    </ClCompile>
    <ClCompile Include="..\..\lib\bgfx\src\renderer_d3d11.cpp">
      <Filter>Source Files\src</Filter>
    </ClCompile>
    <ClCompile Include="..\..\lib\bgfx\src\renderer_d3d12.cpp">
      <Filter>Source Files\src</Filter>
    </ClCompile>
    <ClCompile Include="..\..\lib\bgfx\src\renderer_gl.cpp">
      <Filter>Source Files\src</Filter>
    </ClCompile>
    <ClCompile Include="..\..\lib\bgfx\src\renderer_null.cpp">
      <Filter>Source Files\src</Filter>
    </ClCompile>
    <ClCompile Include="..\..\lib\bgfx\src\renderer_vk.cpp">
      <Filter>Source Files\src</Filter>
    </ClCompile>
    <ClCompile Include="..\..\lib\bgfx\src\vertexdecl.cpp">
      <Filter>Source Files\src</Filter>
    </ClCompile>
    <ClCompile Include="..\..\lib\bgfx\tools\shaderc\shaderc.cpp">
      <Filter>Source Files\tools\shaderc</Filter>
    </ClCompile>
    <ClCompile Include="..\..\lib\bgfx\tools\shaderc\shaderc_dx9.cpp">
      <Filter>Source Files\tools\shaderc</Filter>
    </ClCompile>
    <ClCompile Include="..\..\lib\bgfx\tools\shaderc\shaderc_dx11.cpp">
      <Filter>Source Files\tools\shaderc</Filter>
    </ClCompile>
    <ClCompile Include="..\..\lib\bgfx\tools\shaderc\shaderc_glsl.cpp">
      <Filter>Source Files\tools\shaderc</Filter>
    </ClCompile>
    <ClCompile Include="..\..\lib\bgfx\common\imgui\imgui.cpp">
      <Filter>Source Files\common\imgui</Filter>
    </ClCompile>
    <ClCompile Include="..\..\lib\bgfx\common\imgui\ocornut_imgui.cpp">
      <Filter>Source Files\common\imgui</Filter>
    </ClCompile>
    <ClCompile Include="..\..\lib\bgfx\common\nanovg\nanovg.cpp">
      <Filter>Source Files\common\nanovg</Filter>
    </ClCompile>
    <ClCompile Include="..\..\lib\bgfx\common\nanovg\nanovg_bgfx.cpp">
      <Filter>Source Files\common\nanovg</Filter>
    </ClCompile>
    <ClCompile Include="..\..\lib\bgfx\3rdparty\glsl-optimizer\src\glsl\glcpp\glcpp-lex.c">
      <Filter>Source Files\3rdparty\glsl-optimizer\src\glsl\glcpp</Filter>
    </ClCompile>
    <ClCompile Include="..\..\lib\bgfx\3rdparty\glsl-optimizer\src\glsl\glcpp\glcpp-parse.c">
      <Filter>Source Files\3rdparty\glsl-optimizer\src\glsl\glcpp</Filter>
    </ClCompile>
    <ClCompile Include="..\..\lib\bgfx\3rdparty\glsl-optimizer\src\glsl\glcpp\pp.c">
      <Filter>Source Files\3rdparty\glsl-optimizer\src\glsl\glcpp</Filter>
    </ClCompile>
    <ClCompile Include="..\..\lib\bgfx\3rdparty\glsl-optimizer\src\glsl\strtod.c">
      <Filter>Source Files\3rdparty\glsl-optimizer\src\glsl</Filter>
    </ClCompile>
    <ClCompile Include="..\..\lib\bgfx\3rdparty\glsl-optimizer\src\glsl\ast_array_index.cpp">
      <Filter>Source Files\3rdparty\glsl-optimizer\src\glsl</Filter>
    </ClCompile>
    <ClCompile Include="..\..\lib\bgfx\3rdparty\glsl-optimizer\src\glsl\ast_expr.cpp">
      <Filter>Source Files\3rdparty\glsl-optimizer\src\glsl</Filter>
    </ClCompile>
    <ClCompile Include="..\..\lib\bgfx\3rdparty\glsl-optimizer\src\glsl\ast_function.cpp">
      <Filter>Source Files\3rdparty\glsl-optimizer\src\glsl</Filter>
    </ClCompile>
    <ClCompile Include="..\..\lib\bgfx\3rdparty\glsl-optimizer\src\glsl\ast_to_hir.cpp">
      <Filter>Source Files\3rdparty\glsl-optimizer\src\glsl</Filter>
    </ClCompile>
    <ClCompile Include="..\..\lib\bgfx\3rdparty\glsl-optimizer\src\glsl\ast_type.cpp">
      <Filter>Source Files\3rdparty\glsl-optimizer\src\glsl</Filter>
    </ClCompile>
    <ClCompile Include="..\..\lib\bgfx\3rdparty\glsl-optimizer\src\glsl\builtin_functions.cpp">
      <Filter>Source Files\3rdparty\glsl-optimizer\src\glsl</Filter>
    </ClCompile>
    <ClCompile Include="..\..\lib\bgfx\3rdparty\glsl-optimizer\src\glsl\builtin_types.cpp">
      <Filter>Source Files\3rdparty\glsl-optimizer\src\glsl</Filter>
    </ClCompile>
    <ClCompile Include="..\..\lib\bgfx\3rdparty\glsl-optimizer\src\glsl\builtin_variables.cpp">
      <Filter>Source Files\3rdparty\glsl-optimizer\src\glsl</Filter>
    </ClCompile>
    <ClCompile Include="..\..\lib\bgfx\3rdparty\glsl-optimizer\src\glsl\glsl_lexer.cpp">
      <Filter>Source Files\3rdparty\glsl-optimizer\src\glsl</Filter>
    </ClCompile>
    <ClCompile Include="..\..\lib\bgfx\3rdparty\glsl-optimizer\src\glsl\glsl_optimizer.cpp">
      <Filter>Source Files\3rdparty\glsl-optimizer\src\glsl</Filter>
    </ClCompile>
    <ClCompile Include="..\..\lib\bgfx\3rdparty\glsl-optimizer\src\glsl\glsl_parser.cpp">
      <Filter>Source Files\3rdparty\glsl-optimizer\src\glsl</Filter>
    </ClCompile>
    <ClCompile Include="..\..\lib\bgfx\3rdparty\glsl-optimizer\src\glsl\glsl_parser_extras.cpp">
      <Filter>Source Files\3rdparty\glsl-optimizer\src\glsl</Filter>
    </ClCompile>
    <ClCompile Include="..\..\lib\bgfx\3rdparty\glsl-optimizer\src\glsl\glsl_symbol_table.cpp">
      <Filter>Source Files\3rdparty\glsl-optimizer\src\glsl</Filter>
    </ClCompile>
    <ClCompile Include="..\..\lib\bgfx\3rdparty\glsl-optimizer\src\glsl\glsl_types.cpp">
      <Filter>Source Files\3rdparty\glsl-optimizer\src\glsl</Filter>
    </ClCompile>
    <ClCompile Include="..\..\lib\bgfx\3rdparty\glsl-optimizer\src\glsl\hir_field_selection.cpp">
      <Filter>Source Files\3rdparty\glsl-optimizer\src\glsl</Filter>
    </ClCompile>
    <ClCompile Include="..\..\lib\bgfx\3rdparty\glsl-optimizer\src\glsl\ir.cpp">
      <Filter>Source Files\3rdparty\glsl-optimizer\src\glsl</Filter>
    </ClCompile>
    <ClCompile Include="..\..\lib\bgfx\3rdparty\glsl-optimizer\src\glsl\ir_basic_block.cpp">
      <Filter>Source Files\3rdparty\glsl-optimizer\src\glsl</Filter>
    </ClCompile>
    <ClCompile Include="..\..\lib\bgfx\3rdparty\glsl-optimizer\src\glsl\ir_builder.cpp">
      <Filter>Source Files\3rdparty\glsl-optimizer\src\glsl</Filter>
    </ClCompile>
    <ClCompile Include="..\..\lib\bgfx\3rdparty\glsl-optimizer\src\glsl\ir_clone.cpp">
      <Filter>Source Files\3rdparty\glsl-optimizer\src\glsl</Filter>
    </ClCompile>
    <ClCompile Include="..\..\lib\bgfx\3rdparty\glsl-optimizer\src\glsl\ir_constant_expression.cpp">
      <Filter>Source Files\3rdparty\glsl-optimizer\src\glsl</Filter>
    </ClCompile>
    <ClCompile Include="..\..\lib\bgfx\3rdparty\glsl-optimizer\src\glsl\ir_equals.cpp">
      <Filter>Source Files\3rdparty\glsl-optimizer\src\glsl</Filter>
    </ClCompile>
    <ClCompile Include="..\..\lib\bgfx\3rdparty\glsl-optimizer\src\glsl\ir_expression_flattening.cpp">
      <Filter>Source Files\3rdparty\glsl-optimizer\src\glsl</Filter>
    </ClCompile>
    <ClCompile Include="..\..\lib\bgfx\3rdparty\glsl-optimizer\src\glsl\ir_function.cpp">
      <Filter>Source Files\3rdparty\glsl-optimizer\src\glsl</Filter>
    </ClCompile>
    <ClCompile Include="..\..\lib\bgfx\3rdparty\glsl-optimizer\src\glsl\ir_function_can_inline.cpp">
      <Filter>Source Files\3rdparty\glsl-optimizer\src\glsl</Filter>
    </ClCompile>
    <ClCompile Include="..\..\lib\bgfx\3rdparty\glsl-optimizer\src\glsl\ir_function_detect_recursion.cpp">
      <Filter>Source Files\3rdparty\glsl-optimizer\src\glsl</Filter>
    </ClCompile>
    <ClCompile Include="..\..\lib\bgfx\3rdparty\glsl-optimizer\src\glsl\ir_hierarchical_visitor.cpp">
      <Filter>Source Files\3rdparty\glsl-optimizer\src\glsl</Filter>
    </ClCompile>
    <ClCompile Include="..\..\lib\bgfx\3rdparty\glsl-optimizer\src\glsl\ir_hv_accept.cpp">
      <Filter>Source Files\3rdparty\glsl-optimizer\src\glsl</Filter>
    </ClCompile>
    <ClCompile Include="..\..\lib\bgfx\3rdparty\glsl-optimizer\src\glsl\ir_import_prototypes.cpp">
      <Filter>Source Files\3rdparty\glsl-optimizer\src\glsl</Filter>
    </ClCompile>
    <ClCompile Include="..\..\lib\bgfx\3rdparty\glsl-optimizer\src\glsl\ir_print_glsl_visitor.cpp">
      <Filter>Source Files\3rdparty\glsl-optimizer\src\glsl</Filter>
    </ClCompile>
    <ClCompile Include="..\..\lib\bgfx\3rdparty\glsl-optimizer\src\glsl\ir_print_metal_visitor.cpp">
      <Filter>Source Files\3rdparty\glsl-optimizer\src\glsl</Filter>
    </ClCompile>
    <ClCompile Include="..\..\lib\bgfx\3rdparty\glsl-optimizer\src\glsl\ir_print_visitor.cpp">
      <Filter>Source Files\3rdparty\glsl-optimizer\src\glsl</Filter>
    </ClCompile>
    <ClCompile Include="..\..\lib\bgfx\3rdparty\glsl-optimizer\src\glsl\ir_rvalue_visitor.cpp">
      <Filter>Source Files\3rdparty\glsl-optimizer\src\glsl</Filter>
    </ClCompile>
    <ClCompile Include="..\..\lib\bgfx\3rdparty\glsl-optimizer\src\glsl\ir_stats.cpp">
      <Filter>Source Files\3rdparty\glsl-optimizer\src\glsl</Filter>
    </ClCompile>
    <ClCompile Include="..\..\lib\bgfx\3rdparty\glsl-optimizer\src\glsl\ir_unused_structs.cpp">
      <Filter>Source Files\3rdparty\glsl-optimizer\src\glsl</Filter>
    </ClCompile>
    <ClCompile Include="..\..\lib\bgfx\3rdparty\glsl-optimizer\src\glsl\ir_validate.cpp">
      <Filter>Source Files\3rdparty\glsl-optimizer\src\glsl</Filter>
    </ClCompile>
    <ClCompile Include="..\..\lib\bgfx\3rdparty\glsl-optimizer\src\glsl\ir_variable_refcount.cpp">
      <Filter>Source Files\3rdparty\glsl-optimizer\src\glsl</Filter>
    </ClCompile>
    <ClCompile Include="..\..\lib\bgfx\3rdparty\glsl-optimizer\src\glsl\link_atomics.cpp">
      <Filter>Source Files\3rdparty\glsl-optimizer\src\glsl</Filter>
    </ClCompile>
    <ClCompile Include="..\..\lib\bgfx\3rdparty\glsl-optimizer\src\glsl\link_functions.cpp">
      <Filter>Source Files\3rdparty\glsl-optimizer\src\glsl</Filter>
    </ClCompile>
    <ClCompile Include="..\..\lib\bgfx\3rdparty\glsl-optimizer\src\glsl\link_interface_blocks.cpp">
      <Filter>Source Files\3rdparty\glsl-optimizer\src\glsl</Filter>
    </ClCompile>
    <ClCompile Include="..\..\lib\bgfx\3rdparty\glsl-optimizer\src\glsl\link_uniform_block_active_visitor.cpp">
      <Filter>Source Files\3rdparty\glsl-optimizer\src\glsl</Filter>
    </ClCompile>
    <ClCompile Include="..\..\lib\bgfx\3rdparty\glsl-optimizer\src\glsl\link_uniform_blocks.cpp">
      <Filter>Source Files\3rdparty\glsl-optimizer\src\glsl</Filter>
    </ClCompile>
    <ClCompile Include="..\..\lib\bgfx\3rdparty\glsl-optimizer\src\glsl\link_uniform_initializers.cpp">
      <Filter>Source Files\3rdparty\glsl-optimizer\src\glsl</Filter>
    </ClCompile>
    <ClCompile Include="..\..\lib\bgfx\3rdparty\glsl-optimizer\src\glsl\link_uniforms.cpp">
      <Filter>Source Files\3rdparty\glsl-optimizer\src\glsl</Filter>
    </ClCompile>
    <ClCompile Include="..\..\lib\bgfx\3rdparty\glsl-optimizer\src\glsl\link_varyings.cpp">
      <Filter>Source Files\3rdparty\glsl-optimizer\src\glsl</Filter>
    </ClCompile>
    <ClCompile Include="..\..\lib\bgfx\3rdparty\glsl-optimizer\src\glsl\linker.cpp">
      <Filter>Source Files\3rdparty\glsl-optimizer\src\glsl</Filter>
    </ClCompile>
    <ClCompile Include="..\..\lib\bgfx\3rdparty\glsl-optimizer\src\glsl\loop_analysis.cpp">
      <Filter>Source Files\3rdparty\glsl-optimizer\src\glsl</Filter>
    </ClCompile>
    <ClCompile Include="..\..\lib\bgfx\3rdparty\glsl-optimizer\src\glsl\loop_controls.cpp">
      <Filter>Source Files\3rdparty\glsl-optimizer\src\glsl</Filter>
    </ClCompile>
    <ClCompile Include="..\..\lib\bgfx\3rdparty\glsl-optimizer\src\glsl\loop_unroll.cpp">
      <Filter>Source Files\3rdparty\glsl-optimizer\src\glsl</Filter>
    </ClCompile>
    <ClCompile Include="..\..\lib\bgfx\3rdparty\glsl-optimizer\src\glsl\lower_clip_distance.cpp">
      <Filter>Source Files\3rdparty\glsl-optimizer\src\glsl</Filter>
    </ClCompile>
    <ClCompile Include="..\..\lib\bgfx\3rdparty\glsl-optimizer\src\glsl\lower_discard.cpp">
      <Filter>Source Files\3rdparty\glsl-optimizer\src\glsl</Filter>
    </ClCompile>
    <ClCompile Include="..\..\lib\bgfx\3rdparty\glsl-optimizer\src\glsl\lower_discard_flow.cpp">
      <Filter>Source Files\3rdparty\glsl-optimizer\src\glsl</Filter>
    </ClCompile>
    <ClCompile Include="..\..\lib\bgfx\3rdparty\glsl-optimizer\src\glsl\lower_if_to_cond_assign.cpp">
      <Filter>Source Files\3rdparty\glsl-optimizer\src\glsl</Filter>
    </ClCompile>
    <ClCompile Include="..\..\lib\bgfx\3rdparty\glsl-optimizer\src\glsl\lower_instructions.cpp">
      <Filter>Source Files\3rdparty\glsl-optimizer\src\glsl</Filter>
    </ClCompile>
    <ClCompile Include="..\..\lib\bgfx\3rdparty\glsl-optimizer\src\glsl\lower_jumps.cpp">
      <Filter>Source Files\3rdparty\glsl-optimizer\src\glsl</Filter>
    </ClCompile>
    <ClCompile Include="..\..\lib\bgfx\3rdparty\glsl-optimizer\src\glsl\lower_mat_op_to_vec.cpp">
      <Filter>Source Files\3rdparty\glsl-optimizer\src\glsl</Filter>
    </ClCompile>
    <ClCompile Include="..\..\lib\bgfx\3rdparty\glsl-optimizer\src\glsl\lower_named_interface_blocks.cpp">
      <Filter>Source Files\3rdparty\glsl-optimizer\src\glsl</Filter>
    </ClCompile>
    <ClCompile Include="..\..\lib\bgfx\3rdparty\glsl-optimizer\src\glsl\lower_noise.cpp">
      <Filter>Source Files\3rdparty\glsl-optimizer\src\glsl</Filter>
    </ClCompile>
    <ClCompile Include="..\..\lib\bgfx\3rdparty\glsl-optimizer\src\glsl\lower_offset_array.cpp">
      <Filter>Source Files\3rdparty\glsl-optimizer\src\glsl</Filter>
    </ClCompile>
    <ClCompile Include="..\..\lib\bgfx\3rdparty\glsl-optimizer\src\glsl\lower_output_reads.cpp">
      <Filter>Source Files\3rdparty\glsl-optimizer\src\glsl</Filter>
    </ClCompile>
    <ClCompile Include="..\..\lib\bgfx\3rdparty\glsl-optimizer\src\glsl\lower_packed_varyings.cpp">
      <Filter>Source Files\3rdparty\glsl-optimizer\src\glsl</Filter>
    </ClCompile>
    <ClCompile Include="..\..\lib\bgfx\3rdparty\glsl-optimizer\src\glsl\lower_packing_builtins.cpp">
      <Filter>Source Files\3rdparty\glsl-optimizer\src\glsl</Filter>
    </ClCompile>
    <ClCompile Include="..\..\lib\bgfx\3rdparty\glsl-optimizer\src\glsl\lower_ubo_reference.cpp">
      <Filter>Source Files\3rdparty\glsl-optimizer\src\glsl</Filter>
    </ClCompile>
    <ClCompile Include="..\..\lib\bgfx\3rdparty\glsl-optimizer\src\glsl\lower_variable_index_to_cond_assign.cpp">
      <Filter>Source Files\3rdparty\glsl-optimizer\src\glsl</Filter>
    </ClCompile>
    <ClCompile Include="..\..\lib\bgfx\3rdparty\glsl-optimizer\src\glsl\lower_vec_index_to_cond_assign.cpp">
      <Filter>Source Files\3rdparty\glsl-optimizer\src\glsl</Filter>
    </ClCompile>
    <ClCompile Include="..\..\lib\bgfx\3rdparty\glsl-optimizer\src\glsl\lower_vec_index_to_swizzle.cpp">
      <Filter>Source Files\3rdparty\glsl-optimizer\src\glsl</Filter>
    </ClCompile>
    <ClCompile Include="..\..\lib\bgfx\3rdparty\glsl-optimizer\src\glsl\lower_vector.cpp">
      <Filter>Source Files\3rdparty\glsl-optimizer\src\glsl</Filter>
    </ClCompile>
    <ClCompile Include="..\..\lib\bgfx\3rdparty\glsl-optimizer\src\glsl\lower_vector_insert.cpp">
      <Filter>Source Files\3rdparty\glsl-optimizer\src\glsl</Filter>
    </ClCompile>
    <ClCompile Include="..\..\lib\bgfx\3rdparty\glsl-optimizer\src\glsl\lower_vertex_id.cpp">
      <Filter>Source Files\3rdparty\glsl-optimizer\src\glsl</Filter>
    </ClCompile>
    <ClCompile Include="..\..\lib\bgfx\3rdparty\glsl-optimizer\src\glsl\main.cpp">
      <Filter>Source Files\3rdparty\glsl-optimizer\src\glsl</Filter>
    </ClCompile>
    <ClCompile Include="..\..\lib\bgfx\3rdparty\glsl-optimizer\src\glsl\opt_algebraic.cpp">
      <Filter>Source Files\3rdparty\glsl-optimizer\src\glsl</Filter>
    </ClCompile>
    <ClCompile Include="..\..\lib\bgfx\3rdparty\glsl-optimizer\src\glsl\opt_array_splitting.cpp">
      <Filter>Source Files\3rdparty\glsl-optimizer\src\glsl</Filter>
    </ClCompile>
    <ClCompile Include="..\..\lib\bgfx\3rdparty\glsl-optimizer\src\glsl\opt_constant_folding.cpp">
      <Filter>Source Files\3rdparty\glsl-optimizer\src\glsl</Filter>
    </ClCompile>
    <ClCompile Include="..\..\lib\bgfx\3rdparty\glsl-optimizer\src\glsl\opt_constant_propagation.cpp">
      <Filter>Source Files\3rdparty\glsl-optimizer\src\glsl</Filter>
    </ClCompile>
    <ClCompile Include="..\..\lib\bgfx\3rdparty\glsl-optimizer\src\glsl\opt_constant_variable.cpp">
      <Filter>Source Files\3rdparty\glsl-optimizer\src\glsl</Filter>
    </ClCompile>
    <ClCompile Include="..\..\lib\bgfx\3rdparty\glsl-optimizer\src\glsl\opt_copy_propagation.cpp">
      <Filter>Source Files\3rdparty\glsl-optimizer\src\glsl</Filter>
    </ClCompile>
    <ClCompile Include="..\..\lib\bgfx\3rdparty\glsl-optimizer\src\glsl\opt_copy_propagation_elements.cpp">
      <Filter>Source Files\3rdparty\glsl-optimizer\src\glsl</Filter>
    </ClCompile>
    <ClCompile Include="..\..\lib\bgfx\3rdparty\glsl-optimizer\src\glsl\opt_cse.cpp">
      <Filter>Source Files\3rdparty\glsl-optimizer\src\glsl</Filter>
    </ClCompile>
    <ClCompile Include="..\..\lib\bgfx\3rdparty\glsl-optimizer\src\glsl\opt_dead_builtin_variables.cpp">
      <Filter>Source Files\3rdparty\glsl-optimizer\src\glsl</Filter>
    </ClCompile>
    <ClCompile Include="..\..\lib\bgfx\3rdparty\glsl-optimizer\src\glsl\opt_dead_builtin_varyings.cpp">
      <Filter>Source Files\3rdparty\glsl-optimizer\src\glsl</Filter>
    </ClCompile>
    <ClCompile Include="..\..\lib\bgfx\3rdparty\glsl-optimizer\src\glsl\opt_dead_code.cpp">
      <Filter>Source Files\3rdparty\glsl-optimizer\src\glsl</Filter>
    </ClCompile>
    <ClCompile Include="..\..\lib\bgfx\3rdparty\glsl-optimizer\src\glsl\opt_dead_code_local.cpp">
      <Filter>Source Files\3rdparty\glsl-optimizer\src\glsl</Filter>
    </ClCompile>
    <ClCompile Include="..\..\lib\bgfx\3rdparty\glsl-optimizer\src\glsl\opt_dead_functions.cpp">
      <Filter>Source Files\3rdparty\glsl-optimizer\src\glsl</Filter>
    </ClCompile>
    <ClCompile Include="..\..\lib\bgfx\3rdparty\glsl-optimizer\src\glsl\opt_flatten_nested_if_blocks.cpp">
      <Filter>Source Files\3rdparty\glsl-optimizer\src\glsl</Filter>
    </ClCompile>
    <ClCompile Include="..\..\lib\bgfx\3rdparty\glsl-optimizer\src\glsl\opt_flip_matrices.cpp">
      <Filter>Source Files\3rdparty\glsl-optimizer\src\glsl</Filter>
    </ClCompile>
    <ClCompile Include="..\..\lib\bgfx\3rdparty\glsl-optimizer\src\glsl\opt_function_inlining.cpp">
      <Filter>Source Files\3rdparty\glsl-optimizer\src\glsl</Filter>
    </ClCompile>
    <ClCompile Include="..\..\lib\bgfx\3rdparty\glsl-optimizer\src\glsl\opt_if_simplification.cpp">
      <Filter>Source Files\3rdparty\glsl-optimizer\src\glsl</Filter>
    </ClCompile>
    <ClCompile Include="..\..\lib\bgfx\3rdparty\glsl-optimizer\src\glsl\opt_minmax.cpp">
      <Filter>Source Files\3rdparty\glsl-optimizer\src\glsl</Filter>
    </ClCompile>
    <ClCompile Include="..\..\lib\bgfx\3rdparty\glsl-optimizer\src\glsl\opt_noop_swizzle.cpp">
      <Filter>Source Files\3rdparty\glsl-optimizer\src\glsl</Filter>
    </ClCompile>
    <ClCompile Include="..\..\lib\bgfx\3rdparty\glsl-optimizer\src\glsl\opt_rebalance_tree.cpp">
      <Filter>Source Files\3rdparty\glsl-optimizer\src\glsl</Filter>
    </ClCompile>
    <ClCompile Include="..\..\lib\bgfx\3rdparty\glsl-optimizer\src\glsl\opt_redundant_jumps.cpp">
      <Filter>Source Files\3rdparty\glsl-optimizer\src\glsl</Filter>
    </ClCompile>
    <ClCompile Include="..\..\lib\bgfx\3rdparty\glsl-optimizer\src\glsl\opt_structure_splitting.cpp">
      <Filter>Source Files\3rdparty\glsl-optimizer\src\glsl</Filter>
    </ClCompile>
    <ClCompile Include="..\..\lib\bgfx\3rdparty\glsl-optimizer\src\glsl\opt_swizzle_swizzle.cpp">
      <Filter>Source Files\3rdparty\glsl-optimizer\src\glsl</Filter>
    </ClCompile>
    <ClCompile Include="..\..\lib\bgfx\3rdparty\glsl-optimizer\src\glsl\opt_tree_grafting.cpp">
      <Filter>Source Files\3rdparty\glsl-optimizer\src\glsl</Filter>
    </ClCompile>
    <ClCompile Include="..\..\lib\bgfx\3rdparty\glsl-optimizer\src\glsl\opt_vector_splitting.cpp">
      <Filter>Source Files\3rdparty\glsl-optimizer\src\glsl</Filter>
    </ClCompile>
    <ClCompile Include="..\..\lib\bgfx\3rdparty\glsl-optimizer\src\glsl\opt_vectorize.cpp">
      <Filter>Source Files\3rdparty\glsl-optimizer\src\glsl</Filter>
    </ClCompile>
    <ClCompile Include="..\..\lib\bgfx\3rdparty\glsl-optimizer\src\glsl\s_expression.cpp">
      <Filter>Source Files\3rdparty\glsl-optimizer\src\glsl</Filter>
    </ClCompile>
    <ClCompile Include="..\..\lib\bgfx\3rdparty\glsl-optimizer\src\glsl\standalone_scaffolding.cpp">
      <Filter>Source Files\3rdparty\glsl-optimizer\src\glsl</Filter>
    </ClCompile>
    <ClCompile Include="..\..\lib\bgfx\3rdparty\glsl-optimizer\src\mesa\main\imports.c">
      <Filter>Source Files\3rdparty\glsl-optimizer\src\mesa\main</Filter>
    </ClCompile>
    <ClCompile Include="..\..\lib\bgfx\3rdparty\glsl-optimizer\src\mesa\program\prog_hash_table.c">
      <Filter>Source Files\3rdparty\glsl-optimizer\src\mesa\program</Filter>
    </ClCompile>
    <ClCompile Include="..\..\lib\bgfx\3rdparty\glsl-optimizer\src\mesa\program\symbol_table.c">
      <Filter>Source Files\3rdparty\glsl-optimizer\src\mesa\program</Filter>
    </ClCompile>
    <ClCompile Include="..\..\lib\bgfx\3rdparty\glsl-optimizer\src\util\hash_table.c">
      <Filter>Source Files\3rdparty\glsl-optimizer\src\util</Filter>
    </ClCompile>
    <ClCompile Include="..\..\lib\bgfx\3rdparty\glsl-optimizer\src\util\ralloc.c">
      <Filter>Source Files\3rdparty\glsl-optimizer\src\util</Filter>
    </ClCompile>
    <ClCompile Include="..\..\lib\bgfx\3rdparty\fcpp\cpp1.c">
      <Filter>Source Files\3rdparty\fcpp</Filter>
    </ClCompile>
    <ClCompile Include="..\..\lib\bgfx\3rdparty\fcpp\cpp2.c">
      <Filter>Source Files\3rdparty\fcpp</Filter>
    </ClCompile>
    <ClCompile Include="..\..\lib\bgfx\3rdparty\fcpp\cpp3.c">
      <Filter>Source Files\3rdparty\fcpp</Filter>
    </ClCompile>
    <ClCompile Include="..\..\lib\bgfx\3rdparty\fcpp\cpp4.c">
      <Filter>Source Files\3rdparty\fcpp</Filter>
    </ClCompile>
    <ClCompile Include="..\..\lib\bgfx\3rdparty\fcpp\cpp5.c">
      <Filter>Source Files\3rdparty\fcpp</Filter>
    </ClCompile>
    <ClCompile Include="..\..\lib\bgfx\3rdparty\fcpp\cpp6.c">
      <Filter>Source Files\3rdparty\fcpp</Filter>
    </ClCompile>
    <ClCompile Include="..\..\lib\bgfx\3rdparty\ocornut-imgui\ocornut-imgui.cpp">
      <Filter>Source Files\3rdparty\ocornut-imgui</Filter>
    </ClCompile>
  </ItemGroup>
  <ItemGroup>
    <ClInclude Include="..\..\lib\bgfx\include\bgfx.c99.h">
      <Filter>Source Files\includes</Filter>
    </ClInclude>
    <ClInclude Include="..\..\lib\bgfx\include\bgfx.h">
      <Filter>Source Files\includes</Filter>
    </ClInclude>
    <ClInclude Include="..\..\lib\bgfx\include\bgfxdefines.h">
      <Filter>Source Files\includes</Filter>
    </ClInclude>
    <ClInclude Include="..\..\lib\bgfx\include\bgfxplatform.c99.h">
      <Filter>Source Files\includes</Filter>
    </ClInclude>
    <ClInclude Include="..\..\lib\bgfx\include\bgfxplatform.h">
      <Filter>Source Files\includes</Filter>
    </ClInclude>
    <ClInclude Include="..\..\lib\bgfx\src\bgfx_p.h">
      <Filter>Source Files\src</Filter>
    </ClInclude>
    <ClInclude Include="..\..\lib\bgfx\src\charset.h">
      <Filter>Source Files\src</Filter>
    </ClInclude>
    <ClInclude Include="..\..\lib\bgfx\src\config.h">
      <Filter>Source Files\src</Filter>
    </ClInclude>
    <ClInclude Include="..\..\lib\bgfx\src\glcontext_eagl.h">
      <Filter>Source Files\src</Filter>
    </ClInclude>
    <ClInclude Include="..\..\lib\bgfx\src\glcontext_egl.h">
      <Filter>Source Files\src</Filter>
    </ClInclude>
    <ClInclude Include="..\..\lib\bgfx\src\glcontext_glx.h">
      <Filter>Source Files\src</Filter>
    </ClInclude>
    <ClInclude Include="..\..\lib\bgfx\src\glcontext_nsgl.h">
      <Filter>Source Files\src</Filter>
    </ClInclude>
    <ClInclude Include="..\..\lib\bgfx\src\glcontext_ppapi.h">
      <Filter>Source Files\src</Filter>
    </ClInclude>
    <ClInclude Include="..\..\lib\bgfx\src\glcontext_wgl.h">
      <Filter>Source Files\src</Filter>
    </ClInclude>
    <ClInclude Include="..\..\lib\bgfx\src\glimports.h">
      <Filter>Source Files\src</Filter>
    </ClInclude>
    <ClInclude Include="..\..\lib\bgfx\src\image.h">
      <Filter>Source Files\src</Filter>
    </ClInclude>
    <ClInclude Include="..\..\lib\bgfx\src\ovr.h">
      <Filter>Source Files\src</Filter>
    </ClInclude>
    <ClInclude Include="..\..\lib\bgfx\src\renderdoc.h">
      <Filter>Source Files\src</Filter>
    </ClInclude>
    <ClInclude Include="..\..\lib\bgfx\src\renderer.h">
      <Filter>Source Files\src</Filter>
    </ClInclude>
    <ClInclude Include="..\..\lib\bgfx\src\renderer_d3d.h">
      <Filter>Source Files\src</Filter>
    </ClInclude>
    <ClInclude Include="..\..\lib\bgfx\src\renderer_d3d9.h">
      <Filter>Source Files\src</Filter>
    </ClInclude>
    <ClInclude Include="..\..\lib\bgfx\src\renderer_d3d11.h">
      <Filter>Source Files\src</Filter>
    </ClInclude>
    <ClInclude Include="..\..\lib\bgfx\src\renderer_gl.h">
      <Filter>Source Files\src</Filter>
    </ClInclude>
    <ClInclude Include="..\..\lib\bgfx\src\vertexdecl.h">
      <Filter>Source Files\src</Filter>
    </ClInclude>
    <ClInclude Include="..\..\lib\bgfx\tools\shaderc\shaderc.h">
      <Filter>Source Files\tools\shaderc</Filter>
    </ClInclude>
    <ClInclude Include="..\..\lib\bgfx\common\imgui\imgui.h">
      <Filter>Source Files\common\imgui</Filter>
    </ClInclude>
    <ClInclude Include="..\..\lib\bgfx\common\nanovg\fontstash.h">
      <Filter>Source Files\common\nanovg</Filter>
    </ClInclude>
    <ClInclude Include="..\..\lib\bgfx\common\imgui\ocornut_imgui.h">
      <Filter>Source Files\common\imgui</Filter>
    </ClInclude>
    <ClInclude Include="..\..\lib\bgfx\common\nanovg\nanovg.h">
      <Filter>Source Files\common\nanovg</Filter>
    </ClInclude>
    <ClInclude Include="..\..\lib\bgfx\3rdparty\ocornut-imgui\imconfig.h">
      <Filter>Source Files\3rdparty\ocornut-imgui</Filter>
    </ClInclude>
    <ClInclude Include="..\..\lib\bgfx\3rdparty\ocornut-imgui\stb_rect_pack.h">
      <Filter>Source Files\3rdparty\ocornut-imgui</Filter>
    </ClInclude>
    <ClInclude Include="..\..\lib\bgfx\3rdparty\ocornut-imgui\stb_textedit.h">
      <Filter>Source Files\3rdparty\ocornut-imgui</Filter>
    </ClInclude>
    <ClInclude Include="..\..\lib\bgfx\3rdparty\ocornut-imgui\stb_truetype.h">
      <Filter>Source Files\3rdparty\ocornut-imgui</Filter>
    </ClInclude>
    <ClInclude Include="..\..\lib\bgfx\3rdparty\ocornut-imgui\imgui.h">
      <Filter>Source Files\3rdparty\ocornut-imgui</Filter>
    </ClInclude>
  </ItemGroup>
</Project>