Microsoft Visual Studio Solution File, Format Version 12.00
# Visual Studio 2012
Project("{8BC9CEB8-8B4A-11D0-8D11-00A0C91BC942}") = "Torque6", "Torque6.vcxproj", "{1564A07D-230E-4C90-AEE6-52AC9A58D6C9}"
	ProjectSection(ProjectDependencies) = postProject
		{E8A52B53-E5F1-442A-9F6D-F8CBD4ECA44F} = {E8A52B53-E5F1-442A-9F6D-F8CBD4ECA44F}
		{CCCF0F77-554F-4D63-B69C-288D7A05DFE7} = {CCCF0F77-554F-4D63-B69C-288D7A05DFE7}
	EndProjectSection
EndProject
Project("{8BC9CEB8-8B4A-11D0-8D11-00A0C91BC942}") = "ljpeg", "ljpeg.vcxproj", "{0B07BA94-AA53-4FD4-ADB4-79EC2DA53B36}"
EndProject
Project("{8BC9CEB8-8B4A-11D0-8D11-00A0C91BC942}") = "lpng", "lpng.vcxproj", "{AF1179E3-A838-46A3-A427-1E62AA4C52F4}"
EndProject
Project("{8BC9CEB8-8B4A-11D0-8D11-00A0C91BC942}") = "zlib", "zlib.vcxproj", "{86CB2525-0CF3-40D3-BF42-A0A95035EE8C}"
EndProject
Project("{8BC9CEB8-8B4A-11D0-8D11-00A0C91BC942}") = "bgfx", "bgfx.vcxproj", "{CCCF0F77-554F-4D63-B69C-288D7A05DFE7}"
EndProject
Project("{8BC9CEB8-8B4A-11D0-8D11-00A0C91BC942}") = "assimp", "assimp.vcxproj", "{E8A52B53-E5F1-442A-9F6D-F8CBD4ECA44F}"
EndProject
Project("{8BC9CEB8-8B4A-11D0-8D11-00A0C91BC942}") = "Torque6Executable", "Torque6Executable.vcxproj", "{64AD3D2F-2BBE-43E2-8183-F0E8701F8F93}"
	ProjectSection(ProjectDependencies) = postProject
		{1564A07D-230E-4C90-AEE6-52AC9A58D6C9} = {1564A07D-230E-4C90-AEE6-52AC9A58D6C9}
	EndProjectSection
EndProject
Project("{2150E333-8FDC-42A3-9474-1A3956D46DE8}") = "Plugins", "Plugins", "{8CC0FDCC-84DC-4862-841F-CFB5DD7975E9}"
EndProject
Project("{8BC9CEB8-8B4A-11D0-8D11-00A0C91BC942}") = "EditorDLL", "..\..\..\plugins\Editor\EditorDLL\EditorDLL.vcxproj", "{C3FB4F99-89B1-4A7D-9E32-7479ADEEE3A6}"
EndProject
Project("{8BC9CEB8-8B4A-11D0-8D11-00A0C91BC942}") = "SkyboxDLL", "..\..\..\plugins\Skybox\SkyboxDLL\SkyboxDLL.vcxproj", "{DA11EF75-FF3A-4EBD-A2E6-A63049173C7C}"
EndProject
Global
	GlobalSection(SolutionConfigurationPlatforms) = preSolution
		Debug|Win32 = Debug|Win32
		Release|Win32 = Release|Win32
		Shipping|Win32 = Shipping|Win32
	EndGlobalSection
	GlobalSection(ProjectConfigurationPlatforms) = postSolution
		{1564A07D-230E-4C90-AEE6-52AC9A58D6C9}.Debug|Win32.ActiveCfg = Debug|Win32
		{1564A07D-230E-4C90-AEE6-52AC9A58D6C9}.Debug|Win32.Build.0 = Debug|Win32
		{1564A07D-230E-4C90-AEE6-52AC9A58D6C9}.Release|Win32.ActiveCfg = Release|Win32
		{1564A07D-230E-4C90-AEE6-52AC9A58D6C9}.Release|Win32.Build.0 = Release|Win32
		{1564A07D-230E-4C90-AEE6-52AC9A58D6C9}.Shipping|Win32.ActiveCfg = Shipping|Win32
		{1564A07D-230E-4C90-AEE6-52AC9A58D6C9}.Shipping|Win32.Build.0 = Shipping|Win32
		{0B07BA94-AA53-4FD4-ADB4-79EC2DA53B36}.Debug|Win32.ActiveCfg = Debug|Win32
		{0B07BA94-AA53-4FD4-ADB4-79EC2DA53B36}.Debug|Win32.Build.0 = Debug|Win32
		{0B07BA94-AA53-4FD4-ADB4-79EC2DA53B36}.Release|Win32.ActiveCfg = Release|Win32
		{0B07BA94-AA53-4FD4-ADB4-79EC2DA53B36}.Release|Win32.Build.0 = Release|Win32
		{0B07BA94-AA53-4FD4-ADB4-79EC2DA53B36}.Shipping|Win32.ActiveCfg = Shipping|Win32
		{0B07BA94-AA53-4FD4-ADB4-79EC2DA53B36}.Shipping|Win32.Build.0 = Shipping|Win32
		{AF1179E3-A838-46A3-A427-1E62AA4C52F4}.Debug|Win32.ActiveCfg = Debug|Win32
		{AF1179E3-A838-46A3-A427-1E62AA4C52F4}.Debug|Win32.Build.0 = Debug|Win32
		{AF1179E3-A838-46A3-A427-1E62AA4C52F4}.Release|Win32.ActiveCfg = Release|Win32
		{AF1179E3-A838-46A3-A427-1E62AA4C52F4}.Release|Win32.Build.0 = Release|Win32
		{AF1179E3-A838-46A3-A427-1E62AA4C52F4}.Shipping|Win32.ActiveCfg = Shipping|Win32
		{AF1179E3-A838-46A3-A427-1E62AA4C52F4}.Shipping|Win32.Build.0 = Shipping|Win32
		{86CB2525-0CF3-40D3-BF42-A0A95035EE8C}.Debug|Win32.ActiveCfg = Debug|Win32
		{86CB2525-0CF3-40D3-BF42-A0A95035EE8C}.Debug|Win32.Build.0 = Debug|Win32
		{86CB2525-0CF3-40D3-BF42-A0A95035EE8C}.Release|Win32.ActiveCfg = Release|Win32
		{86CB2525-0CF3-40D3-BF42-A0A95035EE8C}.Release|Win32.Build.0 = Release|Win32
		{86CB2525-0CF3-40D3-BF42-A0A95035EE8C}.Shipping|Win32.ActiveCfg = Shipping|Win32
		{86CB2525-0CF3-40D3-BF42-A0A95035EE8C}.Shipping|Win32.Build.0 = Shipping|Win32
		{CCCF0F77-554F-4D63-B69C-288D7A05DFE7}.Debug|Win32.ActiveCfg = Debug|Win32
		{CCCF0F77-554F-4D63-B69C-288D7A05DFE7}.Debug|Win32.Build.0 = Debug|Win32
		{CCCF0F77-554F-4D63-B69C-288D7A05DFE7}.Release|Win32.ActiveCfg = Release|Win32
		{CCCF0F77-554F-4D63-B69C-288D7A05DFE7}.Release|Win32.Build.0 = Release|Win32
		{CCCF0F77-554F-4D63-B69C-288D7A05DFE7}.Shipping|Win32.ActiveCfg = Shipping|Win32
		{CCCF0F77-554F-4D63-B69C-288D7A05DFE7}.Shipping|Win32.Build.0 = Shipping|Win32
		{E8A52B53-E5F1-442A-9F6D-F8CBD4ECA44F}.Debug|Win32.ActiveCfg = Debug|Win32
		{E8A52B53-E5F1-442A-9F6D-F8CBD4ECA44F}.Debug|Win32.Build.0 = Debug|Win32
		{E8A52B53-E5F1-442A-9F6D-F8CBD4ECA44F}.Release|Win32.ActiveCfg = Release|Win32
		{E8A52B53-E5F1-442A-9F6D-F8CBD4ECA44F}.Release|Win32.Build.0 = Release|Win32
		{E8A52B53-E5F1-442A-9F6D-F8CBD4ECA44F}.Shipping|Win32.ActiveCfg = Shipping|Win32
		{E8A52B53-E5F1-442A-9F6D-F8CBD4ECA44F}.Shipping|Win32.Build.0 = Shipping|Win32
		{64AD3D2F-2BBE-43E2-8183-F0E8701F8F93}.Debug|Win32.ActiveCfg = Debug|Win32
		{64AD3D2F-2BBE-43E2-8183-F0E8701F8F93}.Debug|Win32.Build.0 = Debug|Win32
		{64AD3D2F-2BBE-43E2-8183-F0E8701F8F93}.Release|Win32.ActiveCfg = Release|Win32
		{64AD3D2F-2BBE-43E2-8183-F0E8701F8F93}.Release|Win32.Build.0 = Release|Win32
		{64AD3D2F-2BBE-43E2-8183-F0E8701F8F93}.Shipping|Win32.ActiveCfg = Release|Win32
		{64AD3D2F-2BBE-43E2-8183-F0E8701F8F93}.Shipping|Win32.Build.0 = Release|Win32
		{C3FB4F99-89B1-4A7D-9E32-7479ADEEE3A6}.Debug|Win32.ActiveCfg = Debug|Win32
		{C3FB4F99-89B1-4A7D-9E32-7479ADEEE3A6}.Debug|Win32.Build.0 = Debug|Win32
		{C3FB4F99-89B1-4A7D-9E32-7479ADEEE3A6}.Release|Win32.ActiveCfg = Release|Win32
		{C3FB4F99-89B1-4A7D-9E32-7479ADEEE3A6}.Release|Win32.Build.0 = Release|Win32
		{C3FB4F99-89B1-4A7D-9E32-7479ADEEE3A6}.Shipping|Win32.ActiveCfg = Release|Win32
		{C3FB4F99-89B1-4A7D-9E32-7479ADEEE3A6}.Shipping|Win32.Build.0 = Release|Win32
		{DA11EF75-FF3A-4EBD-A2E6-A63049173C7C}.Debug|Win32.ActiveCfg = Debug|Win32
		{DA11EF75-FF3A-4EBD-A2E6-A63049173C7C}.Debug|Win32.Build.0 = Debug|Win32
		{DA11EF75-FF3A-4EBD-A2E6-A63049173C7C}.Release|Win32.ActiveCfg = Release|Win32
		{DA11EF75-FF3A-4EBD-A2E6-A63049173C7C}.Release|Win32.Build.0 = Release|Win32
		{DA11EF75-FF3A-4EBD-A2E6-A63049173C7C}.Shipping|Win32.ActiveCfg = Release|Win32
		{DA11EF75-FF3A-4EBD-A2E6-A63049173C7C}.Shipping|Win32.Build.0 = Release|Win32
	EndGlobalSection
	GlobalSection(SolutionProperties) = preSolution
		HideSolutionNode = FALSE
	EndGlobalSection
	GlobalSection(NestedProjects) = preSolution
		{C3FB4F99-89B1-4A7D-9E32-7479ADEEE3A6} = {8CC0FDCC-84DC-4862-841F-CFB5DD7975E9}
		{DA11EF75-FF3A-4EBD-A2E6-A63049173C7C} = {8CC0FDCC-84DC-4862-841F-CFB5DD7975E9}
	EndGlobalSection
EndGlobal
